
Microsoft Visual Studio Solution File, Format Version 12.00
# Visual Studio Version 17
VisualStudioVersion = 17.3.32901.215
MinimumVisualStudioVersion = 10.0.40219.1
Project("{FAE04EC0-301F-11D3-BF4B-00C04F79EFBC}") = "SimApp", "SimApp\SimApp.csproj", "{0A900D0C-CEF7-4114-AD6A-C8414E64E265}"
EndProject
Global
	GlobalSection(SolutionConfigurationPlatforms) = preSolution
		Debug|Any CPU = Debug|Any CPU
		Release|Any CPU = Release|Any CPU
	EndGlobalSection
	GlobalSection(ProjectConfigurationPlatforms) = postSolution
		{0A900D0C-CEF7-4114-AD6A-C8414E64E265}.Debug|Any CPU.ActiveCfg = Debug|Any CPU
		{0A900D0C-CEF7-4114-AD6A-C8414E64E265}.Debug|Any CPU.Build.0 = Debug|Any CPU
		{0A900D0C-CEF7-4114-AD6A-C8414E64E265}.Release|Any CPU.ActiveCfg = Release|Any CPU
		{0A900D0C-CEF7-4114-AD6A-C8414E64E265}.Release|Any CPU.Build.0 = Release|Any CPU
	EndGlobalSection
	GlobalSection(SolutionProperties) = preSolution
		HideSolutionNode = FALSE
	EndGlobalSection
	GlobalSection(ExtensibilityGlobals) = postSolution
		SolutionGuid = {27EB0D74-96E4-4754-ACA6-460308E0EF73}
	EndGlobalSection
EndGlobal
